
Microsoft Visual Studio Solution File, Format Version 12.00
# Visual Studio Version 17
VisualStudioVersion = 17.14.37111.16 d17.14
MinimumVisualStudioVersion = 10.0.40219.1
Project("{FAE04EC0-301F-11D3-BF4B-00C04F79EFBC}") = "BlockedCountriesAPI", "BlockedCountriesAPI\BlockedCountriesAPI.csproj", "{7B8A06DB-2200-4712-B3FA-AF151395C13C}"
EndProject
Global
	GlobalSection(SolutionConfigurationPlatforms) = preSolution
		Debug|Any CPU = Debug|Any CPU
		Release|Any CPU = Release|Any CPU
	EndGlobalSection
	GlobalSection(ProjectConfigurationPlatforms) = postSolution
		{7B8A06DB-2200-4712-B3FA-AF151395C13C}.Debug|Any CPU.ActiveCfg = Debug|Any CPU
		{7B8A06DB-2200-4712-B3FA-AF151395C13C}.Debug|Any CPU.Build.0 = Debug|Any CPU
		{7B8A06DB-2200-4712-B3FA-AF151395C13C}.Release|Any CPU.ActiveCfg = Release|Any CPU
		{7B8A06DB-2200-4712-B3FA-AF151395C13C}.Release|Any CPU.Build.0 = Release|Any CPU
	EndGlobalSection
	GlobalSection(SolutionProperties) = preSolution
		HideSolutionNode = FALSE
	EndGlobalSection
	GlobalSection(ExtensibilityGlobals) = postSolution
		SolutionGuid = {16E7F563-827C-4D96-86EC-BF355826D65F}
	EndGlobalSection
EndGlobal
